# This file is automatically @generated by Cargo.
# It is not intended for manual editing.
version = 4

[[package]]
name = "aarch64-cpu"
version = "9.4.0"
source = "registry+https://github.com/rust-lang/crates.io-index"
checksum = "ac42a04a61c19fc8196dd728022a784baecc5d63d7e256c01ad1b3fbfab26287"
dependencies = [
 "tock-registers 0.8.1",
]

[[package]]
name = "aarch64-cpu"
version = "10.0.0"
source = "registry+https://github.com/rust-lang/crates.io-index"
checksum = "6a21cd0131c25c438e19cd6a774adf7e3f64f7f4d723022882facc2dee0f8bc9"
dependencies = [
 "tock-registers 0.9.0",
]

[[package]]
name = "aho-corasick"
version = "1.1.3"
source = "registry+https://github.com/rust-lang/crates.io-index"
checksum = "8e60d3430d3a69478ad0993f19238d2df97c507009a52b3c10addcd7f6bcb916"
dependencies = [
 "memchr",
]

[[package]]
name = "allocator"
version = "0.1.1"
source = "git+https://github.com/arceos-org/allocator.git?tag=v0.1.1#1d5b7a1b4fd8db4c9c9cea4e6012d15d42e2bf40"
dependencies = [
 "bitmap-allocator",
 "buddy_system_allocator",
 "cfg-if",
 "rlsf",
 "slab_allocator",
]

[[package]]
name = "android-tzdata"
version = "0.1.1"
source = "registry+https://github.com/rust-lang/crates.io-index"
checksum = "e999941b234f3131b00bc13c22d06e8c5ff726d1b6318ac7eb276997bbb4fef0"

[[package]]
name = "android_system_properties"
version = "0.1.5"
source = "registry+https://github.com/rust-lang/crates.io-index"
checksum = "819e7219dbd41043ac279b19830f2efc897156490d7fd6ea916720117ee66311"
dependencies = [
 "libc",
]

[[package]]
name = "anstream"
version = "0.6.18"
source = "registry+https://github.com/rust-lang/crates.io-index"
checksum = "8acc5369981196006228e28809f761875c0327210a891e941f4c683b3a99529b"
dependencies = [
 "anstyle",
 "anstyle-parse",
 "anstyle-query",
 "anstyle-wincon",
 "colorchoice",
 "is_terminal_polyfill",
 "utf8parse",
]

[[package]]
name = "anstyle"
version = "1.0.10"
source = "registry+https://github.com/rust-lang/crates.io-index"
checksum = "55cc3b69f167a1ef2e161439aa98aed94e6028e5f9a59be9a6ffb47aef1651f9"

[[package]]
name = "anstyle-parse"
version = "0.2.6"
source = "registry+https://github.com/rust-lang/crates.io-index"
checksum = "3b2d16507662817a6a20a9ea92df6652ee4f94f914589377d69f3b21bc5798a9"
dependencies = [
 "utf8parse",
]

[[package]]
name = "anstyle-query"
version = "1.1.2"
source = "registry+https://github.com/rust-lang/crates.io-index"
checksum = "79947af37f4177cfead1110013d678905c37501914fba0efea834c3fe9a8d60c"
dependencies = [
 "windows-sys",
]

[[package]]
name = "anstyle-wincon"
version = "3.0.7"
source = "registry+https://github.com/rust-lang/crates.io-index"
checksum = "ca3534e77181a9cc07539ad51f2141fe32f6c3ffd4df76db8ad92346b003ae4e"
dependencies = [
 "anstyle",
 "once_cell",
 "windows-sys",
]

[[package]]
name = "arceos-helloworld"
version = "0.1.0"
dependencies = [
 "axstd",
]

[[package]]
name = "arceos-httpclient"
version = "0.1.0"
dependencies = [
 "axstd",
]

[[package]]
name = "arceos-httpserver"
version = "0.1.0"
dependencies = [
 "axstd",
]

[[package]]
name = "arceos-shell"
version = "0.1.0"
dependencies = [
 "axfs_ramfs",
 "axfs_vfs",
 "axstd",
 "crate_interface",
]

[[package]]
name = "arceos_api"
version = "0.1.0"
dependencies = [
 "axalloc",
 "axconfig",
 "axdisplay",
 "axdma",
 "axdriver",
 "axerrno",
 "axfeat",
 "axfs",
 "axhal",
 "axio",
 "axlog",
 "axmm",
 "axnet",
 "axruntime",
 "axsync",
 "axtask",
]

[[package]]
name = "arceos_posix_api"
version = "0.1.0"
dependencies = [
 "axalloc",
 "axconfig",
 "axerrno",
 "axfeat",
 "axfs",
 "axhal",
 "axio",
 "axlog",
 "axnet",
 "axns",
 "axruntime",
 "axsync",
 "axtask",
 "bindgen",
 "ctor_bare",
 "flatten_objects",
 "lazy_static",
 "spin",
 "static_assertions",
]

[[package]]
name = "arm_gicv2"
version = "0.1.0"
source = "registry+https://github.com/rust-lang/crates.io-index"
checksum = "47d25e73c949c69f75d1b9dba39c5475523403b31eb8c2fdc99da4dc33bc1aca"
dependencies = [
 "tock-registers 0.8.1",
]

[[package]]
name = "arm_pl011"
version = "0.1.0"
source = "registry+https://github.com/rust-lang/crates.io-index"
checksum = "efcf6afca4502993a737ba1e00952d1321078689da92bf7aab27d4e5756c0bec"
dependencies = [
 "tock-registers 0.8.1",
]

[[package]]
name = "arm_pl031"
version = "0.2.1"
source = "registry+https://github.com/rust-lang/crates.io-index"
checksum = "13696b1c2b59992f4223e0ae5bb173c81c63039367ca90eee845346ad2a13421"
dependencies = [
 "chrono",
]

[[package]]
name = "atomic-polyfill"
version = "1.0.3"
source = "registry+https://github.com/rust-lang/crates.io-index"
checksum = "8cf2bce30dfe09ef0bfaef228b9d414faaf7e563035494d7fe092dba54b300f4"
dependencies = [
 "critical-section",
]

[[package]]
name = "autocfg"
version = "1.4.0"
source = "registry+https://github.com/rust-lang/crates.io-index"
checksum = "ace50bade8e6234aa140d9a2f552bbee1db4d353f69b8217bc503490fc1a9f26"

[[package]]
name = "axalloc"
version = "0.1.0"
dependencies = [
 "allocator",
 "axerrno",
 "cfg-if",
 "kspin",
 "log",
 "memory_addr",
]

[[package]]
name = "axconfig"
version = "0.1.0"
dependencies = [
 "axconfig-gen-macros",
]

[[package]]
name = "axconfig-gen"
version = "0.1.0"
source = "registry+https://github.com/rust-lang/crates.io-index"
checksum = "9ffa518605969ff8f4ebce2cdc3b6090345152c14987ec540601335effbf36d5"
dependencies = [
 "clap",
 "toml_edit",
]

[[package]]
name = "axconfig-gen-macros"
version = "0.1.0"
source = "registry+https://github.com/rust-lang/crates.io-index"
checksum = "92110c7e7a5633d7fb8a402393c91c326ad6d19710bb9cfa5ab4095e63c25948"
dependencies = [
 "axconfig-gen",
 "proc-macro2",
 "quote",
 "syn 2.0.98",
]

[[package]]
name = "axdisplay"
version = "0.1.0"
dependencies = [
 "axdriver",
 "axdriver_display",
 "axsync",
 "lazyinit",
 "log",
]

[[package]]
name = "axdma"
version = "0.1.0"
dependencies = [
 "allocator",
 "axalloc",
 "axconfig",
 "axerrno",
 "axhal",
 "axmm",
 "kspin",
 "log",
 "memory_addr",
]

[[package]]
name = "axdriver"
version = "0.1.0"
dependencies = [
 "axalloc",
 "axconfig",
 "axdma",
 "axdriver_base",
 "axdriver_block",
 "axdriver_display",
 "axdriver_net",
 "axdriver_pci",
 "axdriver_virtio",
 "axhal",
 "cfg-if",
 "crate_interface",
 "log",
]

[[package]]
name = "axdriver_base"
version = "0.1.2"
source = "git+https://github.com/arceos-org/axdriver_crates.git?tag=v0.1.2#84eb2170f865e6fa29b78995a86f4fcdcede63df"

[[package]]
name = "axdriver_block"
version = "0.1.2"
source = "git+https://github.com/arceos-org/axdriver_crates.git?tag=v0.1.2#84eb2170f865e6fa29b78995a86f4fcdcede63df"
dependencies = [
 "axdriver_base",
 "bcm2835-sdhci",
 "log",
]

[[package]]
name = "axdriver_display"
version = "0.1.2"
source = "git+https://github.com/arceos-org/axdriver_crates.git?tag=v0.1.2#84eb2170f865e6fa29b78995a86f4fcdcede63df"
dependencies = [
 "axdriver_base",
]

[[package]]
name = "axdriver_net"
version = "0.1.2"
source = "git+https://github.com/arceos-org/axdriver_crates.git?tag=v0.1.2#84eb2170f865e6fa29b78995a86f4fcdcede63df"
dependencies = [
 "axdriver_base",
 "fxmac_rs",
 "ixgbe-driver",
 "log",
 "spin",
]

[[package]]
name = "axdriver_pci"
version = "0.1.2"
source = "git+https://github.com/arceos-org/axdriver_crates.git?tag=v0.1.2#84eb2170f865e6fa29b78995a86f4fcdcede63df"
dependencies = [
 "virtio-drivers",
]

[[package]]
name = "axdriver_virtio"
version = "0.1.2"
source = "git+https://github.com/arceos-org/axdriver_crates.git?tag=v0.1.2#84eb2170f865e6fa29b78995a86f4fcdcede63df"
dependencies = [
 "axdriver_base",
 "axdriver_block",
 "axdriver_display",
 "axdriver_net",
 "virtio-drivers",
]

[[package]]
name = "axerrno"
version = "0.1.0"
source = "registry+https://github.com/rust-lang/crates.io-index"
checksum = "66ccd41dd4ef364e2385901a5c2a3adea974a41eccb2529c1f24e4c8bc93d834"
dependencies = [
 "log",
]

[[package]]
name = "axfeat"
version = "0.1.0"
dependencies = [
 "axalloc",
 "axdisplay",
 "axdriver",
 "axfs",
 "axhal",
 "axlog",
 "axnet",
 "axruntime",
 "axsync",
 "axtask",
 "kspin",
]

[[package]]
name = "axfs"
version = "0.1.0"
dependencies = [
 "axdriver",
 "axdriver_block",
 "axerrno",
 "axfs_devfs",
 "axfs_ramfs",
 "axfs_vfs",
 "axio",
 "axns",
 "axsync",
 "axtask",
 "cap_access",
 "cfg-if",
 "crate_interface",
 "fatfs",
 "lazyinit",
 "log",
 "lwext4_rust",
 "spin",
]

[[package]]
name = "axfs_devfs"
version = "0.1.1"
source = "registry+https://github.com/rust-lang/crates.io-index"
checksum = "d62eff0490e10cd2c2a74be2979820f0293fa5ebe00ee8bfd87b88ac7dd7d235"
dependencies = [
 "axfs_vfs",
 "log",
 "spin",
]

[[package]]
name = "axfs_ramfs"
version = "0.1.1"
source = "registry+https://github.com/rust-lang/crates.io-index"
checksum = "db46c6dae25a123579d5fdcdcc502d0dc2a8af86646106004c8a9181433271b1"
dependencies = [
 "axfs_vfs",
 "log",
 "spin",
]

[[package]]
name = "axfs_vfs"
version = "0.1.1"
source = "registry+https://github.com/rust-lang/crates.io-index"
checksum = "2314ebe07a2fef7b1c1a7d15ab817941cd306ace651bb50024b5a8b3e8485359"
dependencies = [
 "axerrno",
 "bitflags 2.9.1",
 "log",
]

[[package]]
name = "axhal"
version = "0.1.0"
dependencies = [
 "aarch64-cpu 10.0.0",
 "arm_gicv2",
 "arm_pl011",
 "arm_pl031",
 "axalloc",
 "axconfig",
 "axlog",
 "bitflags 2.9.1",
 "cfg-if",
 "dw_apb_uart",
 "handler_table",
 "int_ratio",
 "kernel_guard",
 "kspin",
 "lazyinit",
 "linkme",
 "log",
 "loongArch64",
 "memory_addr",
 "ns16550a",
 "page_table_entry",
 "page_table_multiarch",
 "percpu",
 "raw-cpuid 11.5.0",
 "riscv 0.13.0",
 "riscv_goldfish",
 "sbi-rt",
 "static_assertions",
 "tock-registers 0.9.0",
 "x2apic",
 "x86",
 "x86_64 0.15.2",
 "x86_rtc",
]

[[package]]
name = "axio"
version = "0.1.1"
source = "registry+https://github.com/rust-lang/crates.io-index"
checksum = "30aa258a37c25c5e9d3ff45ec80e728ff7c499586e3e40719daf7908f10fd5bd"
dependencies = [
 "axerrno",
]

[[package]]
name = "axlibc"
version = "0.1.0"
dependencies = [
 "arceos_posix_api",
 "axerrno",
 "axfeat",
 "axio",
 "bindgen",
]

[[package]]
name = "axlog"
version = "0.1.0"
dependencies = [
 "axlog",
 "cfg-if",
 "chrono",
 "crate_interface",
 "kspin",
 "log",
]

[[package]]
name = "axmm"
version = "0.1.0"
dependencies = [
 "axalloc",
 "axconfig",
 "axerrno",
 "axhal",
 "kspin",
 "lazyinit",
 "log",
 "memory_addr",
 "memory_set",
 "page_table_multiarch",
]

[[package]]
name = "axnet"
version = "0.1.0"
dependencies = [
 "axdriver",
 "axdriver_net",
 "axerrno",
 "axhal",
 "axio",
 "axsync",
 "axtask",
 "cfg-if",
 "lazyinit",
 "log",
 "smoltcp",
 "spin",
]

[[package]]
name = "axns"
version = "0.1.0"
dependencies = [
 "axns",
 "crate_interface",
 "lazyinit",
]

[[package]]
name = "axruntime"
version = "0.1.0"
dependencies = [
 "axalloc",
 "axconfig",
 "axdisplay",
 "axdriver",
 "axfs",
 "axhal",
 "axlog",
 "axmm",
 "axnet",
 "axtask",
 "chrono",
 "crate_interface",
 "ctor_bare",
 "kernel_guard",
 "percpu",
]

[[package]]
name = "axstd"
version = "0.1.0"
dependencies = [
 "arceos_api",
 "axerrno",
 "axfeat",
 "axio",
 "kspin",
]

[[package]]
name = "axsync"
version = "0.1.0"
dependencies = [
 "axsync",
 "axtask",
 "kspin",
 "lock_api",
 "rand",
]

[[package]]
name = "axtask"
version = "0.1.0"
dependencies = [
 "axconfig",
 "axhal",
 "axtask",
 "cfg-if",
 "cpumask",
 "crate_interface",
 "kernel_guard",
 "kspin",
 "lazyinit",
 "log",
 "memory_addr",
 "percpu",
 "rand",
 "scheduler",
 "timer_list",
]

[[package]]
name = "base64"
version = "0.13.1"
source = "registry+https://github.com/rust-lang/crates.io-index"
checksum = "9e1b586273c5702936fe7b7d6896644d8be71e6314cfe09d3167c95f712589e8"

[[package]]
name = "bcm2835-sdhci"
version = "0.1.0"
source = "git+https://github.com/lhw2002426/bcm2835-sdhci.git?rev=e974f16#e974f168efa72b470a01f61bdef32240c66f54fc"
dependencies = [
 "aarch64-cpu 9.4.0",
 "log",
 "tock-registers 0.8.1",
 "volatile 0.2.7",
]

[[package]]
name = "bindgen"
version = "0.71.1"
source = "registry+https://github.com/rust-lang/crates.io-index"
checksum = "5f58bf3d7db68cfbac37cfc485a8d711e87e064c3d0fe0435b92f7a407f9d6b3"
dependencies = [
 "bitflags 2.9.1",
 "cexpr",
 "clang-sys",
 "itertools",
 "log",
 "prettyplease",
 "proc-macro2",
 "quote",
 "regex",
 "rustc-hash",
 "shlex",
 "syn 2.0.98",
]

[[package]]
name = "bit"
version = "0.1.1"
source = "registry+https://github.com/rust-lang/crates.io-index"
checksum = "2b645c5c09a7d4035949cfce1a915785aaad6f17800c35fda8a8c311c491f284"

[[package]]
name = "bit_field"
version = "0.10.2"
source = "registry+https://github.com/rust-lang/crates.io-index"
checksum = "dc827186963e592360843fb5ba4b973e145841266c1357f7180c43526f2e5b61"

[[package]]
name = "bitflags"
version = "1.3.2"
source = "registry+https://github.com/rust-lang/crates.io-index"
checksum = "bef38d45163c2f1dde094a7dfd33ccf595c92905c8f8f4fdc18d06fb1037718a"

[[package]]
name = "bitflags"
version = "2.9.1"
source = "registry+https://github.com/rust-lang/crates.io-index"
checksum = "1b8e56985ec62d17e9c1001dc89c88ecd7dc08e47eba5ec7c29c7b5eeecde967"

[[package]]
name = "bitmap-allocator"
version = "0.2.0"
source = "registry+https://github.com/rust-lang/crates.io-index"
checksum = "5553d824a3564e1c242975cfc962d15e6299bfa4a90c44c14208673c16df51f3"
dependencies = [
 "bit_field",
]

[[package]]
name = "bitmaps"
version = "3.2.1"
source = "registry+https://github.com/rust-lang/crates.io-index"
checksum = "a1d084b0137aaa901caf9f1e8b21daa6aa24d41cd806e111335541eff9683bd6"

[[package]]
name = "buddy_system_allocator"
version = "0.10.0"
source = "registry+https://github.com/rust-lang/crates.io-index"
checksum = "a7913f22349ffcfc6ca0ca9a656ec26cfbba538ed49c31a273dff2c5d1ea83d9"

[[package]]
name = "bumpalo"
version = "3.17.0"
source = "registry+https://github.com/rust-lang/crates.io-index"
checksum = "1628fb46dfa0b37568d12e5edd512553eccf6a22a78e8bde00bb4aed84d5bdbf"

[[package]]
name = "byteorder"
version = "1.5.0"
source = "registry+https://github.com/rust-lang/crates.io-index"
checksum = "1fd0f2584146f6f2ef48085050886acf353beff7305ebd1ae69500e27c67f64b"

[[package]]
name = "cap_access"
version = "0.1.0"
source = "registry+https://github.com/rust-lang/crates.io-index"
checksum = "c9b24894fa5f73bbf9c72196e7f495a1f81d6218a548280a09ada4a937157692"
dependencies = [
 "bitflags 2.9.1",
]

[[package]]
name = "cc"
version = "1.2.16"
source = "registry+https://github.com/rust-lang/crates.io-index"
checksum = "be714c154be609ec7f5dad223a33bf1482fff90472de28f7362806e6d4832b8c"
dependencies = [
 "shlex",
]

[[package]]
name = "cexpr"
version = "0.6.0"
source = "registry+https://github.com/rust-lang/crates.io-index"
checksum = "6fac387a98bb7c37292057cffc56d62ecb629900026402633ae9160df93a8766"
dependencies = [
 "nom",
]

[[package]]
name = "cfg-if"
version = "1.0.0"
source = "registry+https://github.com/rust-lang/crates.io-index"
checksum = "baf1de4339761588bc0619e3cbc0120ee582ebb74b53b4efbf79117bd2da40fd"

[[package]]
name = "chrono"
version = "0.4.41"
source = "registry+https://github.com/rust-lang/crates.io-index"
checksum = "c469d952047f47f91b68d1cba3f10d63c11d73e4636f24f08daf0278abf01c4d"
dependencies = [
 "android-tzdata",
 "iana-time-zone",
 "js-sys",
 "num-traits",
 "wasm-bindgen",
 "windows-link",
]

[[package]]
name = "clang-sys"
version = "1.8.1"
source = "registry+https://github.com/rust-lang/crates.io-index"
checksum = "0b023947811758c97c59bf9d1c188fd619ad4718dcaa767947df1cadb14f39f4"
dependencies = [
 "glob",
 "libc",
 "libloading",
]

[[package]]
name = "clap"
version = "4.5.31"
source = "registry+https://github.com/rust-lang/crates.io-index"
checksum = "027bb0d98429ae334a8698531da7077bdf906419543a35a55c2cb1b66437d767"
dependencies = [
 "clap_builder",
 "clap_derive",
]

[[package]]
name = "clap_builder"
version = "4.5.31"
source = "registry+https://github.com/rust-lang/crates.io-index"
checksum = "5589e0cba072e0f3d23791efac0fd8627b49c829c196a492e88168e6a669d863"
dependencies = [
 "anstream",
 "anstyle",
 "clap_lex",
 "strsim",
]

[[package]]
name = "clap_derive"
version = "4.5.28"
source = "registry+https://github.com/rust-lang/crates.io-index"
checksum = "bf4ced95c6f4a675af3da73304b9ac4ed991640c36374e4b46795c49e17cf1ed"
dependencies = [
 "heck",
 "proc-macro2",
 "quote",
 "syn 2.0.98",
]

[[package]]
name = "clap_lex"
version = "0.7.4"
source = "registry+https://github.com/rust-lang/crates.io-index"
checksum = "f46ad14479a25103f283c0f10005961cf086d8dc42205bb44c46ac563475dca6"

[[package]]
name = "colorchoice"
version = "1.0.3"
source = "registry+https://github.com/rust-lang/crates.io-index"
checksum = "5b63caa9aa9397e2d9480a9b13673856c78d8ac123288526c37d7839f2a86990"

[[package]]
name = "const-default"
version = "1.0.0"
source = "registry+https://github.com/rust-lang/crates.io-index"
checksum = "0b396d1f76d455557e1218ec8066ae14bba60b4b36ecd55577ba979f5db7ecaa"

[[package]]
name = "core-foundation-sys"
version = "0.8.7"
source = "registry+https://github.com/rust-lang/crates.io-index"
checksum = "773648b94d0e5d620f64f280777445740e61fe701025087ec8b57f45c791888b"

[[package]]
name = "core_detect"
version = "1.0.0"
source = "registry+https://github.com/rust-lang/crates.io-index"
checksum = "7f8f80099a98041a3d1622845c271458a2d73e688351bf3cb999266764b81d48"

[[package]]
name = "cpumask"
version = "0.1.0"
source = "registry+https://github.com/rust-lang/crates.io-index"
checksum = "fe4266f1bd910c087ff8c7848882217b2b079742877b21d29614c11c16087d70"
dependencies = [
 "bitmaps",
]

[[package]]
name = "crate_interface"
version = "0.1.4"
source = "registry+https://github.com/rust-lang/crates.io-index"
checksum = "70272a03a2cef15589bac05d3d15c023752f5f8f2da8be977d983a9d9e6250fb"
dependencies = [
 "proc-macro2",
 "quote",
 "syn 2.0.98",
]

[[package]]
name = "critical-section"
version = "1.2.0"
source = "registry+https://github.com/rust-lang/crates.io-index"
checksum = "790eea4361631c5e7d22598ecd5723ff611904e3344ce8720784c93e3d83d40b"

[[package]]
name = "ctor_bare"
version = "0.2.1"
source = "registry+https://github.com/rust-lang/crates.io-index"
checksum = "e4e5ae3c454dc1efb0e5821dc17344539849391b2de18c89596ea563f1909f93"
dependencies = [
 "ctor_bare_macros",
]

[[package]]
name = "ctor_bare_macros"
version = "0.2.1"
source = "registry+https://github.com/rust-lang/crates.io-index"
checksum = "9a49d5cd78b1c748184d41407b14a58af8403c13328ff2b9f49b0a418c24e3ff"
dependencies = [
 "proc-macro2",
 "quote",
 "syn 2.0.98",
]

[[package]]
name = "defmt"
version = "0.3.10"
source = "registry+https://github.com/rust-lang/crates.io-index"
checksum = "86f6162c53f659f65d00619fe31f14556a6e9f8752ccc4a41bd177ffcf3d6130"
dependencies = [
 "bitflags 1.3.2",
 "defmt-macros",
]

[[package]]
name = "defmt-macros"
version = "0.4.0"
source = "registry+https://github.com/rust-lang/crates.io-index"
checksum = "9d135dd939bad62d7490b0002602d35b358dce5fd9233a709d3c1ef467d4bde6"
dependencies = [
 "defmt-parser",
 "proc-macro-error2",
 "proc-macro2",
 "quote",
 "syn 2.0.98",
]

[[package]]
name = "defmt-parser"
version = "0.4.1"
source = "registry+https://github.com/rust-lang/crates.io-index"
checksum = "3983b127f13995e68c1e29071e5d115cd96f215ccb5e6812e3728cd6f92653b3"
dependencies = [
 "thiserror",
]

[[package]]
name = "dw_apb_uart"
version = "0.1.0"
source = "registry+https://github.com/rust-lang/crates.io-index"
checksum = "f93d496c8faa9dc676ebfa225432e1e3b57645c9268ead889286546f6d39356d"
dependencies = [
 "tock-registers 0.8.1",
]

[[package]]
name = "either"
version = "1.14.0"
source = "registry+https://github.com/rust-lang/crates.io-index"
checksum = "b7914353092ddf589ad78f25c5c1c21b7f80b0ff8621e7c814c3485b5306da9d"

[[package]]
name = "embedded-hal"
version = "1.0.0"
source = "registry+https://github.com/rust-lang/crates.io-index"
checksum = "361a90feb7004eca4019fb28352a9465666b24f840f5c3cddf0ff13920590b89"

[[package]]
name = "equivalent"
version = "1.0.2"
source = "registry+https://github.com/rust-lang/crates.io-index"
checksum = "877a4ace8713b0bcf2a4e7eec82529c029f1d0619886d18145fea96c3ffe5c0f"

[[package]]
name = "fatfs"
version = "0.4.0"
source = "git+https://github.com/rafalh/rust-fatfs?rev=85f06e0#85f06e08edbd3368e1b0562f2fc1b6d178bf7b8a"
dependencies = [
 "bitflags 2.9.1",
 "log",
]

[[package]]
name = "flatten_objects"
version = "0.2.3"
source = "registry+https://github.com/rust-lang/crates.io-index"
checksum = "e362dae0b64fc12551b655a09484a643461a283a078fb8a9686d1f58fa46df9a"
dependencies = [
 "bitmaps",
]

[[package]]
name = "fxmac_rs"
version = "0.2.0"
source = "git+https://github.com/elliott10/fxmac_rs.git?rev=0dbc3916#0dbc3916d5d5a0086916deda0c4c2dd8651c69ce"
dependencies = [
 "aarch64-cpu 10.0.0",
 "crate_interface",
 "log",
]

[[package]]
name = "getrandom"
version = "0.3.3"
source = "registry+https://github.com/rust-lang/crates.io-index"
checksum = "26145e563e54f2cadc477553f1ec5ee650b00862f0a58bcd12cbdc5f0ea2d2f4"
dependencies = [
 "cfg-if",
 "libc",
 "r-efi",
 "wasi",
]

[[package]]
name = "glob"
version = "0.3.2"
source = "registry+https://github.com/rust-lang/crates.io-index"
checksum = "a8d1add55171497b4705a648c6b583acafb01d58050a51727785f0b2c8e0a2b2"

[[package]]
name = "handler_table"
version = "0.1.2"
source = "registry+https://github.com/rust-lang/crates.io-index"
checksum = "702cb690200d6303c1e1992bc648f3f3bf9c1d6a27fcf50551c513d61f339c99"

[[package]]
name = "hash32"
version = "0.2.1"
source = "registry+https://github.com/rust-lang/crates.io-index"
checksum = "b0c35f58762feb77d74ebe43bdbc3210f09be9fe6742234d573bacc26ed92b67"
dependencies = [
 "byteorder",
]

[[package]]
name = "hashbrown"
version = "0.15.2"
source = "registry+https://github.com/rust-lang/crates.io-index"
checksum = "bf151400ff0baff5465007dd2f3e717f3fe502074ca563069ce3a6629d07b289"

[[package]]
name = "heapless"
version = "0.7.17"
source = "registry+https://github.com/rust-lang/crates.io-index"
checksum = "cdc6457c0eb62c71aac4bc17216026d8410337c4126773b9c5daba343f17964f"
dependencies = [
 "atomic-polyfill",
 "hash32",
 "rustc_version",
 "spin",
 "stable_deref_trait",
]

[[package]]
name = "heck"
version = "0.5.0"
source = "registry+https://github.com/rust-lang/crates.io-index"
checksum = "2304e00983f87ffb38b55b444b5e3b60a884b5d30c0fca7d82fe33449bbe55ea"

[[package]]
name = "iana-time-zone"
version = "0.1.61"
source = "registry+https://github.com/rust-lang/crates.io-index"
checksum = "235e081f3925a06703c2d0117ea8b91f042756fd6e7a6e5d901e8ca1a996b220"
dependencies = [
 "android_system_properties",
 "core-foundation-sys",
 "iana-time-zone-haiku",
 "js-sys",
 "wasm-bindgen",
 "windows-core",
]

[[package]]
name = "iana-time-zone-haiku"
version = "0.1.2"
source = "registry+https://github.com/rust-lang/crates.io-index"
checksum = "f31827a206f56af32e590ba56d5d2d085f558508192593743f16b2306495269f"
dependencies = [
 "cc",
]

[[package]]
name = "indexmap"
version = "2.7.1"
source = "registry+https://github.com/rust-lang/crates.io-index"
checksum = "8c9c992b02b5b4c94ea26e32fe5bccb7aa7d9f390ab5c1221ff895bc7ea8b652"
dependencies = [
 "equivalent",
 "hashbrown",
]

[[package]]
name = "int_ratio"
version = "0.1.1"
source = "registry+https://github.com/rust-lang/crates.io-index"
checksum = "bd361c344145620f0c02e56200ca3e3a45203121447376519a9070e546b2916f"

[[package]]
name = "is_terminal_polyfill"
version = "1.70.1"
source = "registry+https://github.com/rust-lang/crates.io-index"
checksum = "7943c866cc5cd64cbc25b2e01621d07fa8eb2a1a23160ee81ce38704e97b8ecf"

[[package]]
name = "itertools"
version = "0.12.1"
source = "registry+https://github.com/rust-lang/crates.io-index"
checksum = "ba291022dbbd398a455acf126c1e341954079855bc60dfdda641363bd6922569"
dependencies = [
 "either",
]

[[package]]
name = "ixgbe-driver"
version = "0.1.0"
source = "git+https://github.com/KuangjuX/ixgbe-driver.git?rev=8e5eb74#8e5eb741299d7d95c373ec745e39a1473fe84563"
dependencies = [
 "bit_field",
 "core_detect",
 "log",
 "smoltcp",
 "volatile 0.3.0",
]

[[package]]
name = "js-sys"
version = "0.3.77"
source = "registry+https://github.com/rust-lang/crates.io-index"
checksum = "1cfaf33c695fc6e08064efbc1f72ec937429614f25eef83af942d0e227c3a28f"
dependencies = [
 "once_cell",
 "wasm-bindgen",
]

[[package]]
name = "kernel_guard"
version = "0.1.2"
source = "registry+https://github.com/rust-lang/crates.io-index"
checksum = "307e6be468f3d6b6d895e191f63c11602e4e76575ecca68325d8c8dbebe2870e"
dependencies = [
 "cfg-if",
 "crate_interface",
]

[[package]]
name = "kspin"
version = "0.1.0"
source = "registry+https://github.com/rust-lang/crates.io-index"
checksum = "51954c939251c5899b6e953aa0ed8903c5c0d1140fc7ce3a8fd60c931d694f6e"
dependencies = [
 "cfg-if",
 "kernel_guard",
]

[[package]]
name = "lazy_static"
version = "1.5.0"
source = "registry+https://github.com/rust-lang/crates.io-index"
checksum = "bbd2bcb4c963f2ddae06a2efc7e9f3591312473c50c6685e1f298068316e66fe"
dependencies = [
 "spin",
]

[[package]]
name = "lazyinit"
version = "0.2.1"
source = "registry+https://github.com/rust-lang/crates.io-index"
checksum = "3861aac8febbb038673bf945ee47ac67940ca741b94d1bb3ff6066af2a181338"

[[package]]
name = "libc"
version = "0.2.170"
source = "registry+https://github.com/rust-lang/crates.io-index"
checksum = "875b3680cb2f8f71bdcf9a30f38d48282f5d3c95cbf9b3fa57269bb5d5c06828"

[[package]]
name = "libloading"
version = "0.8.6"
source = "registry+https://github.com/rust-lang/crates.io-index"
checksum = "fc2f4eb4bc735547cfed7c0a4922cbd04a4655978c09b54f1f7b228750664c34"
dependencies = [
 "cfg-if",
 "windows-targets",
]

[[package]]
name = "linked_list"
version = "0.1.0"
source = "git+https://github.com/arceos-org/linked_list.git?tag=v0.1.0#34c8db301882cecfeb56df0f7c89978dbc62f49a"

[[package]]
name = "linkme"
version = "0.3.33"
source = "registry+https://github.com/rust-lang/crates.io-index"
checksum = "a1b1703c00b2a6a70738920544aa51652532cacddfec2e162d2e29eae01e665c"
dependencies = [
 "linkme-impl",
]

[[package]]
name = "linkme-impl"
version = "0.3.33"
source = "registry+https://github.com/rust-lang/crates.io-index"
checksum = "04d55ca5d5a14363da83bf3c33874b8feaa34653e760d5216d7ef9829c88001a"
dependencies = [
 "proc-macro2",
 "quote",
 "syn 2.0.98",
]

[[package]]
name = "lock_api"
version = "0.4.12"
source = "registry+https://github.com/rust-lang/crates.io-index"
checksum = "07af8b9cdd281b7915f413fa73f29ebd5d55d0d3f0155584dade1ff18cea1b17"
dependencies = [
 "autocfg",
 "scopeguard",
]

[[package]]
name = "log"
version = "0.4.21"
source = "registry+https://github.com/rust-lang/crates.io-index"
checksum = "90ed8c1e510134f979dbc4f070f87d4313098b704861a105fe34231c70a3901c"

[[package]]
name = "loongArch64"
version = "0.2.5"
source = "registry+https://github.com/rust-lang/crates.io-index"
checksum = "7c9f0d275c70310e2a9d2fc23250c5ac826a73fa828a5f256401f85c5c554283"
dependencies = [
 "bit_field",
 "bitflags 2.9.1",
]

[[package]]
name = "lwext4_rust"
version = "0.2.0"
source = "git+https://github.com/Azure-stars/lwext4_rust.git#2e56b0aa2680b210892a46375fefca2bdf6e2865"
dependencies = [
 "log",
]

[[package]]
name = "managed"
version = "0.8.0"
source = "registry+https://github.com/rust-lang/crates.io-index"
checksum = "0ca88d725a0a943b096803bd34e73a4437208b6077654cc4ecb2947a5f91618d"

[[package]]
name = "memchr"
version = "2.7.4"
source = "registry+https://github.com/rust-lang/crates.io-index"
checksum = "78ca9ab1a0babb1e7d5695e3530886289c18cf2f87ec19a575a0abdce112e3a3"

[[package]]
name = "memory_addr"
version = "0.3.2"
source = "registry+https://github.com/rust-lang/crates.io-index"
checksum = "5438b8df0f13e16e1f46140de247695a95952a5a4479e47197a8711bf1063373"

[[package]]
name = "memory_set"
version = "0.3.2"
source = "registry+https://github.com/rust-lang/crates.io-index"
checksum = "a4552d02c866c57e8b06b919ea8c2f8f398cad245b8f6aac726657bc972d663d"
dependencies = [
 "memory_addr",
]

[[package]]
name = "minimal-lexical"
version = "0.2.1"
source = "registry+https://github.com/rust-lang/crates.io-index"
checksum = "68354c5c6bd36d73ff3feceb05efa59b6acb7626617f4962be322a825e61f79a"

[[package]]
name = "nom"
version = "7.1.3"
source = "registry+https://github.com/rust-lang/crates.io-index"
checksum = "d273983c5a657a70a3e8f2a01329822f3b8c8172b73826411a55751e404a0a4a"
dependencies = [
 "memchr",
 "minimal-lexical",
]

[[package]]
name = "ns16550a"
version = "0.5.0"
source = "registry+https://github.com/rust-lang/crates.io-index"
checksum = "e3cd8abe9e54bce27659507b94f355c9334378ab15da332b6986b3583ebf7228"

[[package]]
name = "num-traits"
version = "0.2.19"
source = "registry+https://github.com/rust-lang/crates.io-index"
checksum = "071dfc062690e90b734c0b2273ce72ad0ffa95f0c74596bc250dcfd960262841"
dependencies = [
 "autocfg",
]

[[package]]
name = "once_cell"
version = "1.20.3"
source = "registry+https://github.com/rust-lang/crates.io-index"
checksum = "945462a4b81e43c4e3ba96bd7b49d834c6f61198356aa858733bc4acf3cbe62e"

[[package]]
name = "page_table_entry"
version = "0.5.3"
source = "git+https://github.com/Mivik/page_table_multiarch.git?rev=19ededd#19ededdb806ab3b22efb4880661790524fa421a5"
dependencies = [
 "aarch64-cpu 10.0.0",
 "bitflags 2.9.1",
 "memory_addr",
 "x86_64 0.15.2",
]

[[package]]
name = "page_table_multiarch"
version = "0.5.3"
source = "git+https://github.com/Mivik/page_table_multiarch.git?rev=19ededd#19ededdb806ab3b22efb4880661790524fa421a5"
dependencies = [
 "log",
 "memory_addr",
 "page_table_entry",
 "riscv 0.12.1",
 "x86",
]

[[package]]
name = "paste"
version = "1.0.15"
source = "registry+https://github.com/rust-lang/crates.io-index"
checksum = "57c0d7b74b563b49d38dae00a0c37d4d6de9b432382b2892f0574ddcae73fd0a"

[[package]]
name = "percpu"
version = "0.2.0"
source = "registry+https://github.com/rust-lang/crates.io-index"
checksum = "01e56c0c558952222967b592899f98765b48590e7bd7403bfd7075f73afc6ed6"
dependencies = [
 "cfg-if",
 "kernel_guard",
 "percpu_macros",
 "spin",
 "x86",
]

[[package]]
name = "percpu_macros"
version = "0.2.0"
source = "registry+https://github.com/rust-lang/crates.io-index"
checksum = "8a9f4cc54a2e471ff72f1499461ba381ad4eae9cbd60d29c258545b995e406e0"
dependencies = [
 "proc-macro2",
 "quote",
 "syn 2.0.98",
]

[[package]]
name = "ppv-lite86"
version = "0.2.20"
source = "registry+https://github.com/rust-lang/crates.io-index"
checksum = "77957b295656769bb8ad2b6a6b09d897d94f05c41b069aede1fcdaa675eaea04"
dependencies = [
 "zerocopy",
]

[[package]]
name = "prettyplease"
version = "0.2.29"
source = "registry+https://github.com/rust-lang/crates.io-index"
checksum = "6924ced06e1f7dfe3fa48d57b9f74f55d8915f5036121bef647ef4b204895fac"
dependencies = [
 "proc-macro2",
 "syn 2.0.98",
]

[[package]]
name = "proc-macro-error-attr2"
version = "2.0.0"
source = "registry+https://github.com/rust-lang/crates.io-index"
checksum = "96de42df36bb9bba5542fe9f1a054b8cc87e172759a1868aa05c1f3acc89dfc5"
dependencies = [
 "proc-macro2",
 "quote",
]

[[package]]
name = "proc-macro-error2"
version = "2.0.1"
source = "registry+https://github.com/rust-lang/crates.io-index"
checksum = "11ec05c52be0a07b08061f7dd003e7d7092e0472bc731b4af7bb1ef876109802"
dependencies = [
 "proc-macro-error-attr2",
 "proc-macro2",
 "quote",
 "syn 2.0.98",
]

[[package]]
name = "proc-macro2"
version = "1.0.93"
source = "registry+https://github.com/rust-lang/crates.io-index"
checksum = "60946a68e5f9d28b0dc1c21bb8a97ee7d018a8b322fa57838ba31cc878e22d99"
dependencies = [
 "unicode-ident",
]

[[package]]
name = "quote"
version = "1.0.38"
source = "registry+https://github.com/rust-lang/crates.io-index"
checksum = "0e4dccaaaf89514f546c693ddc140f729f958c247918a13380cccc6078391acc"
dependencies = [
 "proc-macro2",
]

[[package]]
name = "r-efi"
version = "5.2.0"
source = "registry+https://github.com/rust-lang/crates.io-index"
checksum = "74765f6d916ee2faa39bc8e68e4f3ed8949b48cccdac59983d287a7cb71ce9c5"

[[package]]
name = "rand"
version = "0.9.1"
source = "registry+https://github.com/rust-lang/crates.io-index"
checksum = "9fbfd9d094a40bf3ae768db9361049ace4c0e04a4fd6b359518bd7b73a73dd97"
dependencies = [
 "rand_chacha",
 "rand_core",
]

[[package]]
name = "rand_chacha"
version = "0.9.0"
source = "registry+https://github.com/rust-lang/crates.io-index"
checksum = "d3022b5f1df60f26e1ffddd6c66e8aa15de382ae63b3a0c1bfc0e4d3e3f325cb"
dependencies = [
 "ppv-lite86",
 "rand_core",
]

[[package]]
name = "rand_core"
version = "0.9.3"
source = "registry+https://github.com/rust-lang/crates.io-index"
checksum = "99d9a13982dcf210057a8a78572b2217b667c3beacbf3a0d8b454f6f82837d38"
dependencies = [
 "getrandom",
]

[[package]]
name = "raw-cpuid"
version = "10.7.0"
source = "registry+https://github.com/rust-lang/crates.io-index"
checksum = "6c297679cb867470fa8c9f67dbba74a78d78e3e98d7cf2b08d6d71540f797332"
dependencies = [
 "bitflags 1.3.2",
]

[[package]]
name = "raw-cpuid"
version = "11.5.0"
source = "registry+https://github.com/rust-lang/crates.io-index"
checksum = "c6df7ab838ed27997ba19a4664507e6f82b41fe6e20be42929332156e5e85146"
dependencies = [
 "bitflags 2.9.1",
]

[[package]]
name = "regex"
version = "1.11.1"
source = "registry+https://github.com/rust-lang/crates.io-index"
checksum = "b544ef1b4eac5dc2db33ea63606ae9ffcfac26c1416a2806ae0bf5f56b201191"
dependencies = [
 "aho-corasick",
 "memchr",
 "regex-automata",
 "regex-syntax",
]

[[package]]
name = "regex-automata"
version = "0.4.9"
source = "registry+https://github.com/rust-lang/crates.io-index"
checksum = "809e8dc61f6de73b46c85f4c96486310fe304c434cfa43669d7b40f711150908"
dependencies = [
 "aho-corasick",
 "memchr",
 "regex-syntax",
]

[[package]]
name = "regex-syntax"
version = "0.8.5"
source = "registry+https://github.com/rust-lang/crates.io-index"
checksum = "2b15c43186be67a4fd63bee50d0303afffcef381492ebe2c5d87f324e1b8815c"

[[package]]
name = "riscv"
version = "0.12.1"
source = "registry+https://github.com/rust-lang/crates.io-index"
checksum = "5ea8ff73d3720bdd0a97925f0bf79ad2744b6da8ff36be3840c48ac81191d7a7"
dependencies = [
 "critical-section",
 "embedded-hal",
 "paste",
 "riscv-pac",
]

[[package]]
name = "riscv"
version = "0.13.0"
source = "registry+https://github.com/rust-lang/crates.io-index"
checksum = "afa3cdbeccae4359f6839a00e8b77e5736caa200ba216caf38d24e4c16e2b586"
dependencies = [
 "critical-section",
 "embedded-hal",
 "paste",
 "riscv-macros",
 "riscv-pac",
]

[[package]]
name = "riscv-macros"
version = "0.2.0"
source = "registry+https://github.com/rust-lang/crates.io-index"
checksum = "e8c4aa1ea1af6dcc83a61be12e8189f9b293c3ba5a487778a4cd89fb060fdbbc"
dependencies = [
 "proc-macro2",
 "quote",
 "syn 2.0.98",
]

[[package]]
name = "riscv-pac"
version = "0.2.0"
source = "registry+https://github.com/rust-lang/crates.io-index"
checksum = "8188909339ccc0c68cfb5a04648313f09621e8b87dc03095454f1a11f6c5d436"

[[package]]
name = "riscv_goldfish"
version = "0.1.1"
source = "registry+https://github.com/rust-lang/crates.io-index"
checksum = "07aac72f95e774476db82916d79f2d303191310393830573c1ab5c821b21660a"

[[package]]
name = "rlsf"
version = "0.2.1"
source = "registry+https://github.com/rust-lang/crates.io-index"
checksum = "222fb240c3286247ecdee6fa5341e7cdad0ffdf8e7e401d9937f2d58482a20bf"
dependencies = [
 "cfg-if",
 "const-default",
 "libc",
 "svgbobdoc",
]

[[package]]
name = "rustc-hash"
version = "2.1.1"
source = "registry+https://github.com/rust-lang/crates.io-index"
checksum = "357703d41365b4b27c590e3ed91eabb1b663f07c4c084095e60cbed4362dff0d"

[[package]]
name = "rustc_version"
version = "0.4.1"
source = "registry+https://github.com/rust-lang/crates.io-index"
checksum = "cfcb3a22ef46e85b45de6ee7e79d063319ebb6594faafcf1c225ea92ab6e9b92"
dependencies = [
 "semver",
]

[[package]]
name = "rustversion"
version = "1.0.19"
source = "registry+https://github.com/rust-lang/crates.io-index"
checksum = "f7c45b9784283f1b2e7fb61b42047c2fd678ef0960d4f6f1eba131594cc369d4"

[[package]]
name = "sbi-rt"
version = "0.0.3"
source = "registry+https://github.com/rust-lang/crates.io-index"
checksum = "7fbaa69be1eedc61c426e6d489b2260482e928b465360576900d52d496a58bd0"
dependencies = [
 "sbi-spec",
]

[[package]]
name = "sbi-spec"
version = "0.0.7"
source = "registry+https://github.com/rust-lang/crates.io-index"
checksum = "e6e36312fb5ddc10d08ecdc65187402baba4ac34585cb9d1b78522ae2358d890"

[[package]]
name = "scheduler"
version = "0.1.0"
source = "git+https://github.com/arceos-org/scheduler.git?tag=v0.1.0#c8d25d9aed146dca28dc8987afd229b52c20361a"
dependencies = [
 "linked_list",
]

[[package]]
name = "scopeguard"
version = "1.2.0"
source = "registry+https://github.com/rust-lang/crates.io-index"
checksum = "94143f37725109f92c262ed2cf5e59bce7498c01bcc1502d7b9afe439a4e9f49"

[[package]]
name = "semver"
version = "1.0.25"
source = "registry+https://github.com/rust-lang/crates.io-index"
checksum = "f79dfe2d285b0488816f30e700a7438c5a73d816b5b7d3ac72fbc48b0d185e03"

[[package]]
name = "shlex"
version = "1.3.0"
source = "registry+https://github.com/rust-lang/crates.io-index"
checksum = "0fda2ff0d084019ba4d7c6f371c95d8fd75ce3524c3cb8fb653a3023f6323e64"

[[package]]
name = "slab_allocator"
version = "0.3.1"
source = "git+https://github.com/arceos-org/slab_allocator.git?tag=v0.3.1#3c13499d664ccd36f66786985b753340aea57f5a"
dependencies = [
 "buddy_system_allocator",
]

[[package]]
name = "smoltcp"
version = "0.10.0"
source = "git+https://github.com/rcore-os/smoltcp.git?rev=2ade274#2ade2747abc4d779d0836154b0413d13ce16cd5b"
dependencies = [
 "bitflags 1.3.2",
 "byteorder",
 "cfg-if",
 "defmt",
 "heapless",
 "log",
 "managed",
]

[[package]]
name = "spin"
version = "0.9.8"
source = "registry+https://github.com/rust-lang/crates.io-index"
checksum = "6980e8d7511241f8acf4aebddbb1ff938df5eebe98691418c4468d0b72a96a67"
dependencies = [
 "lock_api",
]

[[package]]
name = "stable_deref_trait"
version = "1.2.0"
source = "registry+https://github.com/rust-lang/crates.io-index"
checksum = "a8f112729512f8e442d81f95a8a7ddf2b7c6b8a1a6f509a95864142b30cab2d3"

[[package]]
name = "static_assertions"
version = "1.1.0"
source = "registry+https://github.com/rust-lang/crates.io-index"
checksum = "a2eb9349b6444b326872e140eb1cf5e7c522154d69e7a0ffb0fb81c06b37543f"

[[package]]
name = "strsim"
version = "0.11.1"
source = "registry+https://github.com/rust-lang/crates.io-index"
checksum = "7da8b5736845d9f2fcb837ea5d9e2628564b3b043a70948a3f0b778838c5fb4f"

[[package]]
name = "svgbobdoc"
version = "0.3.0"
source = "registry+https://github.com/rust-lang/crates.io-index"
checksum = "f2c04b93fc15d79b39c63218f15e3fdffaa4c227830686e3b7c5f41244eb3e50"
dependencies = [
 "base64",
 "proc-macro2",
 "quote",
 "syn 1.0.109",
 "unicode-width",
]

[[package]]
name = "syn"
version = "1.0.109"
source = "registry+https://github.com/rust-lang/crates.io-index"
checksum = "72b64191b275b66ffe2469e8af2c1cfe3bafa67b529ead792a6d0160888b4237"
dependencies = [
 "proc-macro2",
 "quote",
 "unicode-ident",
]

[[package]]
name = "syn"
version = "2.0.98"
source = "registry+https://github.com/rust-lang/crates.io-index"
checksum = "36147f1a48ae0ec2b5b3bc5b537d267457555a10dc06f3dbc8cb11ba3006d3b1"
dependencies = [
 "proc-macro2",
 "quote",
 "unicode-ident",
]

[[package]]
name = "thiserror"
version = "2.0.11"
source = "registry+https://github.com/rust-lang/crates.io-index"
checksum = "d452f284b73e6d76dd36758a0c8684b1d5be31f92b89d07fd5822175732206fc"
dependencies = [
 "thiserror-impl",
]

[[package]]
name = "thiserror-impl"
version = "2.0.11"
source = "registry+https://github.com/rust-lang/crates.io-index"
checksum = "26afc1baea8a989337eeb52b6e72a039780ce45c3edfcc9c5b9d112feeb173c2"
dependencies = [
 "proc-macro2",
 "quote",
 "syn 2.0.98",
]

[[package]]
name = "timer_list"
version = "0.1.0"
source = "registry+https://github.com/rust-lang/crates.io-index"
checksum = "158b52ace9609dd94f4af338f4828ff23b600d9160def8c001f2c73885521936"

[[package]]
name = "tock-registers"
version = "0.8.1"
source = "registry+https://github.com/rust-lang/crates.io-index"
checksum = "696941a0aee7e276a165a978b37918fd5d22c55c3d6bda197813070ca9c0f21c"

[[package]]
name = "tock-registers"
version = "0.9.0"
source = "registry+https://github.com/rust-lang/crates.io-index"
checksum = "2b9e2fdb3a1e862c0661768b7ed25390811df1947a8acbfbefe09b47078d93c4"

[[package]]
name = "toml_datetime"
version = "0.6.8"
source = "registry+https://github.com/rust-lang/crates.io-index"
checksum = "0dd7358ecb8fc2f8d014bf86f6f638ce72ba252a2c3a2572f2a795f1d23efb41"

[[package]]
name = "toml_edit"
version = "0.22.24"
source = "registry+https://github.com/rust-lang/crates.io-index"
checksum = "17b4795ff5edd201c7cd6dca065ae59972ce77d1b80fa0a84d94950ece7d1474"
dependencies = [
 "indexmap",
 "toml_datetime",
 "winnow",
]

[[package]]
name = "unicode-ident"
version = "1.0.17"
source = "registry+https://github.com/rust-lang/crates.io-index"
checksum = "00e2473a93778eb0bad35909dff6a10d28e63f792f16ed15e404fca9d5eeedbe"

[[package]]
name = "unicode-width"
version = "0.1.14"
source = "registry+https://github.com/rust-lang/crates.io-index"
checksum = "7dd6e30e90baa6f72411720665d41d89b9a3d039dc45b8faea1ddd07f617f6af"

[[package]]
name = "utf8parse"
version = "0.2.2"
source = "registry+https://github.com/rust-lang/crates.io-index"
checksum = "06abde3611657adf66d383f00b093d7faecc7fa57071cce2578660c9f1010821"

[[package]]
name = "virtio-drivers"
version = "0.7.4"
source = "registry+https://github.com/rust-lang/crates.io-index"
checksum = "aa40e09453618c7a927c08c5a990497a2954da7c2aaa6c65e0d4f0fc975f6114"
dependencies = [
 "bitflags 2.9.1",
 "log",
 "zerocopy",
]

[[package]]
name = "volatile"
version = "0.2.7"
source = "registry+https://github.com/rust-lang/crates.io-index"
checksum = "f6b06ad3ed06fef1713569d547cdbdb439eafed76341820fb0e0344f29a41945"

[[package]]
name = "volatile"
version = "0.3.0"
source = "registry+https://github.com/rust-lang/crates.io-index"
checksum = "f8e76fae08f03f96e166d2dfda232190638c10e0383841252416f9cfe2ae60e6"

[[package]]
name = "volatile"
version = "0.4.6"
source = "registry+https://github.com/rust-lang/crates.io-index"
checksum = "442887c63f2c839b346c192d047a7c87e73d0689c9157b00b53dcc27dd5ea793"

[[package]]
name = "wasi"
version = "0.14.2+wasi-0.2.4"
source = "registry+https://github.com/rust-lang/crates.io-index"
checksum = "9683f9a5a998d873c0d21fcbe3c083009670149a8fab228644b8bd36b2c48cb3"
dependencies = [
 "wit-bindgen-rt",
]

[[package]]
name = "wasm-bindgen"
version = "0.2.100"
source = "registry+https://github.com/rust-lang/crates.io-index"
checksum = "1edc8929d7499fc4e8f0be2262a241556cfc54a0bea223790e71446f2aab1ef5"
dependencies = [
 "cfg-if",
 "once_cell",
 "rustversion",
 "wasm-bindgen-macro",
]

[[package]]
name = "wasm-bindgen-backend"
version = "0.2.100"
source = "registry+https://github.com/rust-lang/crates.io-index"
checksum = "2f0a0651a5c2bc21487bde11ee802ccaf4c51935d0d3d42a6101f98161700bc6"
dependencies = [
 "bumpalo",
 "log",
 "proc-macro2",
 "quote",
 "syn 2.0.98",
 "wasm-bindgen-shared",
]

[[package]]
name = "wasm-bindgen-macro"
version = "0.2.100"
source = "registry+https://github.com/rust-lang/crates.io-index"
checksum = "7fe63fc6d09ed3792bd0897b314f53de8e16568c2b3f7982f468c0bf9bd0b407"
dependencies = [
 "quote",
 "wasm-bindgen-macro-support",
]

[[package]]
name = "wasm-bindgen-macro-support"
version = "0.2.100"
source = "registry+https://github.com/rust-lang/crates.io-index"
checksum = "8ae87ea40c9f689fc23f209965b6fb8a99ad69aeeb0231408be24920604395de"
dependencies = [
 "proc-macro2",
 "quote",
 "syn 2.0.98",
 "wasm-bindgen-backend",
 "wasm-bindgen-shared",
]

[[package]]
name = "wasm-bindgen-shared"
version = "0.2.100"
source = "registry+https://github.com/rust-lang/crates.io-index"
checksum = "1a05d73b933a847d6cccdda8f838a22ff101ad9bf93e33684f39c1f5f0eece3d"
dependencies = [
 "unicode-ident",
]

[[package]]
name = "windows-core"
version = "0.52.0"
source = "registry+https://github.com/rust-lang/crates.io-index"
checksum = "33ab640c8d7e35bf8ba19b884ba838ceb4fba93a4e8c65a9059d08afcfc683d9"
dependencies = [
 "windows-targets",
]

[[package]]
name = "windows-link"
version = "0.1.0"
source = "registry+https://github.com/rust-lang/crates.io-index"
checksum = "6dccfd733ce2b1753b03b6d3c65edf020262ea35e20ccdf3e288043e6dd620e3"

[[package]]
name = "windows-sys"
version = "0.59.0"
source = "registry+https://github.com/rust-lang/crates.io-index"
checksum = "1e38bc4d79ed67fd075bcc251a1c39b32a1776bbe92e5bef1f0bf1f8c531853b"
dependencies = [
 "windows-targets",
]

[[package]]
name = "windows-targets"
version = "0.52.6"
source = "registry+https://github.com/rust-lang/crates.io-index"
checksum = "9b724f72796e036ab90c1021d4780d4d3d648aca59e491e6b98e725b84e99973"
dependencies = [
 "windows_aarch64_gnullvm",
 "windows_aarch64_msvc",
 "windows_i686_gnu",
 "windows_i686_gnullvm",
 "windows_i686_msvc",
 "windows_x86_64_gnu",
 "windows_x86_64_gnullvm",
 "windows_x86_64_msvc",
]

[[package]]
name = "windows_aarch64_gnullvm"
version = "0.52.6"
source = "registry+https://github.com/rust-lang/crates.io-index"
checksum = "32a4622180e7a0ec044bb555404c800bc9fd9ec262ec147edd5989ccd0c02cd3"

[[package]]
name = "windows_aarch64_msvc"
version = "0.52.6"
source = "registry+https://github.com/rust-lang/crates.io-index"
checksum = "09ec2a7bb152e2252b53fa7803150007879548bc709c039df7627cabbd05d469"

[[package]]
name = "windows_i686_gnu"
version = "0.52.6"
source = "registry+https://github.com/rust-lang/crates.io-index"
checksum = "8e9b5ad5ab802e97eb8e295ac6720e509ee4c243f69d781394014ebfe8bbfa0b"

[[package]]
name = "windows_i686_gnullvm"
version = "0.52.6"
source = "registry+https://github.com/rust-lang/crates.io-index"
checksum = "0eee52d38c090b3caa76c563b86c3a4bd71ef1a819287c19d586d7334ae8ed66"

[[package]]
name = "windows_i686_msvc"
version = "0.52.6"
source = "registry+https://github.com/rust-lang/crates.io-index"
checksum = "240948bc05c5e7c6dabba28bf89d89ffce3e303022809e73deaefe4f6ec56c66"

[[package]]
name = "windows_x86_64_gnu"
version = "0.52.6"
source = "registry+https://github.com/rust-lang/crates.io-index"
checksum = "147a5c80aabfbf0c7d901cb5895d1de30ef2907eb21fbbab29ca94c5b08b1a78"

[[package]]
name = "windows_x86_64_gnullvm"
version = "0.52.6"
source = "registry+https://github.com/rust-lang/crates.io-index"
checksum = "24d5b23dc417412679681396f2b49f3de8c1473deb516bd34410872eff51ed0d"

[[package]]
name = "windows_x86_64_msvc"
version = "0.52.6"
source = "registry+https://github.com/rust-lang/crates.io-index"
checksum = "589f6da84c646204747d1270a2a5661ea66ed1cced2631d546fdfb155959f9ec"

[[package]]
name = "winnow"
version = "0.7.3"
source = "registry+https://github.com/rust-lang/crates.io-index"
checksum = "0e7f4ea97f6f78012141bcdb6a216b2609f0979ada50b20ca5b52dde2eac2bb1"
dependencies = [
 "memchr",
]

[[package]]
name = "wit-bindgen-rt"
version = "0.39.0"
source = "registry+https://github.com/rust-lang/crates.io-index"
checksum = "6f42320e61fe2cfd34354ecb597f86f413484a798ba44a8ca1165c58d42da6c1"
dependencies = [
 "bitflags 2.9.1",
]

[[package]]
name = "x2apic"
version = "0.4.3"
source = "registry+https://github.com/rust-lang/crates.io-index"
checksum = "cbcd582541cbb8ef1dfc24a3c849a64ff074b1b512af723ad90056558d424602"
dependencies = [
 "bit",
 "bitflags 1.3.2",
 "paste",
 "raw-cpuid 10.7.0",
 "x86_64 0.14.13",
]

[[package]]
name = "x86"
version = "0.52.0"
source = "registry+https://github.com/rust-lang/crates.io-index"
checksum = "2781db97787217ad2a2845c396a5efe286f87467a5810836db6d74926e94a385"
dependencies = [
 "bit_field",
 "bitflags 1.3.2",
 "raw-cpuid 10.7.0",
]

[[package]]
name = "x86_64"
version = "0.14.13"
source = "registry+https://github.com/rust-lang/crates.io-index"
checksum = "c101112411baafbb4bf8d33e4c4a80ab5b02d74d2612331c61e8192fc9710491"
dependencies = [
 "bit_field",
 "bitflags 2.9.1",
 "rustversion",
 "volatile 0.4.6",
]

[[package]]
name = "x86_64"
version = "0.15.2"
source = "registry+https://github.com/rust-lang/crates.io-index"
checksum = "0f042214de98141e9c8706e8192b73f56494087cc55ebec28ce10f26c5c364ae"
dependencies = [
 "bit_field",
 "bitflags 2.9.1",
 "rustversion",
 "volatile 0.4.6",
]

[[package]]
name = "x86_rtc"
version = "0.1.1"
source = "registry+https://github.com/rust-lang/crates.io-index"
checksum = "d1a42420da20c01d82e5d42231570efa3b9e16a5515eaaf9ee4e964f49cc1313"
dependencies = [
 "cfg-if",
 "x86_64 0.15.2",
]

[[package]]
name = "zerocopy"
version = "0.7.35"
source = "registry+https://github.com/rust-lang/crates.io-index"
checksum = "1b9b4fd18abc82b8136838da5d50bae7bdea537c574d8dc1a34ed098d6c166f0"
dependencies = [
 "byteorder",
 "zerocopy-derive",
]

[[package]]
name = "zerocopy-derive"
version = "0.7.35"
source = "registry+https://github.com/rust-lang/crates.io-index"
checksum = "fa4f8080344d4671fb4e831a13ad1e68092748387dfc4f55e356242fae12ce3e"
dependencies = [
 "proc-macro2",
 "quote",
 "syn 2.0.98",
]
